
Microsoft Visual Studio Solution File, Format Version 12.00
# Visual Studio Version 16
VisualStudioVersion = 16.0.30804.86
MinimumVisualStudioVersion = 10.0.40219.1
Project("{FAE04EC0-301F-11D3-BF4B-00C04F79EFBC}") = "SilverBear.Interview", "SilverBear.Interview\SilverBear.Interview.csproj", "{3B5DB8B8-C01E-4AED-80B2-CB6A9D8BAC16}"
EndProject
Project("{2150E333-8FDC-42A3-9474-1A3956D46DE8}") = "Solution Items", "Solution Items", "{A8D1B9E0-5A38-4E4D-9025-5BBE271AE481}"
	ProjectSection(SolutionItems) = preProject
		Readme.md = Readme.md
	EndProjectSection
EndProject
Project("{00D1A9C2-B5F0-4AF3-8072-F6C62B433612}") = "Silverbear.Database", "Silverbear.Database\Silverbear.Database.sqlproj", "{BF5D8E59-0A84-4FDD-BDDF-A83F1BF31116}"
EndProject
Global
	GlobalSection(SolutionConfigurationPlatforms) = preSolution
		Debug|Any CPU = Debug|Any CPU
		Release|Any CPU = Release|Any CPU
	EndGlobalSection
	GlobalSection(ProjectConfigurationPlatforms) = postSolution
		{3B5DB8B8-C01E-4AED-80B2-CB6A9D8BAC16}.Debug|Any CPU.ActiveCfg = Debug|Any CPU
		{3B5DB8B8-C01E-4AED-80B2-CB6A9D8BAC16}.Debug|Any CPU.Build.0 = Debug|Any CPU
		{3B5DB8B8-C01E-4AED-80B2-CB6A9D8BAC16}.Release|Any CPU.ActiveCfg = Release|Any CPU
		{3B5DB8B8-C01E-4AED-80B2-CB6A9D8BAC16}.Release|Any CPU.Build.0 = Release|Any CPU
		{BF5D8E59-0A84-4FDD-BDDF-A83F1BF31116}.Debug|Any CPU.ActiveCfg = Debug|Any CPU
		{BF5D8E59-0A84-4FDD-BDDF-A83F1BF31116}.Debug|Any CPU.Build.0 = Debug|Any CPU
		{BF5D8E59-0A84-4FDD-BDDF-A83F1BF31116}.Debug|Any CPU.Deploy.0 = Debug|Any CPU
		{BF5D8E59-0A84-4FDD-BDDF-A83F1BF31116}.Release|Any CPU.ActiveCfg = Release|Any CPU
		{BF5D8E59-0A84-4FDD-BDDF-A83F1BF31116}.Release|Any CPU.Build.0 = Release|Any CPU
		{BF5D8E59-0A84-4FDD-BDDF-A83F1BF31116}.Release|Any CPU.Deploy.0 = Release|Any CPU
	EndGlobalSection
	GlobalSection(SolutionProperties) = preSolution
		HideSolutionNode = FALSE
	EndGlobalSection
	GlobalSection(ExtensibilityGlobals) = postSolution
		SolutionGuid = {6E36C779-4A2A-4236-BDD4-9C691124B03C}
	EndGlobalSection
EndGlobal
